
Microsoft Visual Studio Solution File, Format Version 12.00
# Visual Studio 2017
Project("{FAE04EC0-301F-11D3-BF4B-00C04F79EFBC}") = "Roguelike2D", "Roguelike2D.csproj", "{A665911E-56D5-083F-99A8-8F3DF2971606}"
EndProject
Project("{FAE04EC0-301F-11D3-BF4B-00C04F79EFBC}") = "Roguelike2D.Editor", "Roguelike2D.Editor.csproj", "{6F33B50F-D2F8-B473-90A9-67CC60F5848E}"
EndProject
Global
	GlobalSection(SolutionConfigurationPlatforms) = preSolution
		Debug|Any CPU = Debug|Any CPU
		Release|Any CPU = Release|Any CPU
	EndGlobalSection
	GlobalSection(ProjectConfigurationPlatforms) = postSolution
		{A665911E-56D5-083F-99A8-8F3DF2971606}.Debug|Any CPU.ActiveCfg = Debug|Any CPU
		{A665911E-56D5-083F-99A8-8F3DF2971606}.Debug|Any CPU.Build.0 = Debug|Any CPU
		{A665911E-56D5-083F-99A8-8F3DF2971606}.Release|Any CPU.ActiveCfg = Release|Any CPU
		{A665911E-56D5-083F-99A8-8F3DF2971606}.Release|Any CPU.Build.0 = Release|Any CPU
		{6F33B50F-D2F8-B473-90A9-67CC60F5848E}.Debug|Any CPU.ActiveCfg = Debug|Any CPU
		{6F33B50F-D2F8-B473-90A9-67CC60F5848E}.Debug|Any CPU.Build.0 = Debug|Any CPU
		{6F33B50F-D2F8-B473-90A9-67CC60F5848E}.Release|Any CPU.ActiveCfg = Release|Any CPU
		{6F33B50F-D2F8-B473-90A9-67CC60F5848E}.Release|Any CPU.Build.0 = Release|Any CPU
	EndGlobalSection
	GlobalSection(SolutionProperties) = preSolution
		HideSolutionNode = FALSE
	EndGlobalSection
EndGlobal
