
Microsoft Visual Studio Solution File, Format Version 12.00
# Visual Studio 2017
Project("{FAE04EC0-301F-11D3-BF4B-00C04F79EFBC}") = "Tanks", "Tanks.csproj", "{EA8AEEE5-3AC3-4F54-F2DE-7021B53AFF4D}"
EndProject
Project("{FAE04EC0-301F-11D3-BF4B-00C04F79EFBC}") = "Tanks.Editor", "Tanks.Editor.csproj", "{36793E79-4975-702D-2A20-C8F53DE0933F}"
EndProject
Global
	GlobalSection(SolutionConfigurationPlatforms) = preSolution
		Debug|Any CPU = Debug|Any CPU
		Release|Any CPU = Release|Any CPU
	EndGlobalSection
	GlobalSection(ProjectConfigurationPlatforms) = postSolution
		{EA8AEEE5-3AC3-4F54-F2DE-7021B53AFF4D}.Debug|Any CPU.ActiveCfg = Debug|Any CPU
		{EA8AEEE5-3AC3-4F54-F2DE-7021B53AFF4D}.Debug|Any CPU.Build.0 = Debug|Any CPU
		{EA8AEEE5-3AC3-4F54-F2DE-7021B53AFF4D}.Release|Any CPU.ActiveCfg = Release|Any CPU
		{EA8AEEE5-3AC3-4F54-F2DE-7021B53AFF4D}.Release|Any CPU.Build.0 = Release|Any CPU
		{36793E79-4975-702D-2A20-C8F53DE0933F}.Debug|Any CPU.ActiveCfg = Debug|Any CPU
		{36793E79-4975-702D-2A20-C8F53DE0933F}.Debug|Any CPU.Build.0 = Debug|Any CPU
		{36793E79-4975-702D-2A20-C8F53DE0933F}.Release|Any CPU.ActiveCfg = Release|Any CPU
		{36793E79-4975-702D-2A20-C8F53DE0933F}.Release|Any CPU.Build.0 = Release|Any CPU
	EndGlobalSection
	GlobalSection(SolutionProperties) = preSolution
		HideSolutionNode = FALSE
	EndGlobalSection
EndGlobal
